
Microsoft Visual Studio Solution File, Format Version 12.00
# Visual Studio 15
VisualStudioVersion = 15.0.27703.2000
MinimumVisualStudioVersion = 10.0.40219.1
Project("{FAE04EC0-301F-11D3-BF4B-00C04F79EFBC}") = "EstudoDelegates", "EstudoDelegates\EstudoDelegates.csproj", "{058B45B4-4AEE-41DF-8994-BCBE4DECA4CD}"
EndProject
Project("{FAE04EC0-301F-11D3-BF4B-00C04F79EFBC}") = "EstudoGenerics", "EstudoGenerics\EstudoGenerics.csproj", "{9E5A3298-C283-49FD-8260-162E95E2E3F2}"
EndProject
Project("{FAE04EC0-301F-11D3-BF4B-00C04F79EFBC}") = "EstudoXML", "EstudoXML\EstudoXML.csproj", "{08D0005E-7E42-4EF9-A29F-E912EFF23E53}"
EndProject
Project("{FAE04EC0-301F-11D3-BF4B-00C04F79EFBC}") = "AgendaADONET", "AgendaADONET\AgendaADONET.csproj", "{A4ED93D1-652E-4F26-8BE2-DCAC1D3D6015}"
EndProject
Global
	GlobalSection(SolutionConfigurationPlatforms) = preSolution
		Debug|Any CPU = Debug|Any CPU
		Release|Any CPU = Release|Any CPU
	EndGlobalSection
	GlobalSection(ProjectConfigurationPlatforms) = postSolution
		{058B45B4-4AEE-41DF-8994-BCBE4DECA4CD}.Debug|Any CPU.ActiveCfg = Debug|Any CPU
		{058B45B4-4AEE-41DF-8994-BCBE4DECA4CD}.Debug|Any CPU.Build.0 = Debug|Any CPU
		{058B45B4-4AEE-41DF-8994-BCBE4DECA4CD}.Release|Any CPU.ActiveCfg = Release|Any CPU
		{058B45B4-4AEE-41DF-8994-BCBE4DECA4CD}.Release|Any CPU.Build.0 = Release|Any CPU
		{9E5A3298-C283-49FD-8260-162E95E2E3F2}.Debug|Any CPU.ActiveCfg = Debug|Any CPU
		{9E5A3298-C283-49FD-8260-162E95E2E3F2}.Debug|Any CPU.Build.0 = Debug|Any CPU
		{9E5A3298-C283-49FD-8260-162E95E2E3F2}.Release|Any CPU.ActiveCfg = Release|Any CPU
		{9E5A3298-C283-49FD-8260-162E95E2E3F2}.Release|Any CPU.Build.0 = Release|Any CPU
		{08D0005E-7E42-4EF9-A29F-E912EFF23E53}.Debug|Any CPU.ActiveCfg = Debug|Any CPU
		{08D0005E-7E42-4EF9-A29F-E912EFF23E53}.Debug|Any CPU.Build.0 = Debug|Any CPU
		{08D0005E-7E42-4EF9-A29F-E912EFF23E53}.Release|Any CPU.ActiveCfg = Release|Any CPU
		{08D0005E-7E42-4EF9-A29F-E912EFF23E53}.Release|Any CPU.Build.0 = Release|Any CPU
		{A4ED93D1-652E-4F26-8BE2-DCAC1D3D6015}.Debug|Any CPU.ActiveCfg = Debug|Any CPU
		{A4ED93D1-652E-4F26-8BE2-DCAC1D3D6015}.Debug|Any CPU.Build.0 = Debug|Any CPU
		{A4ED93D1-652E-4F26-8BE2-DCAC1D3D6015}.Release|Any CPU.ActiveCfg = Release|Any CPU
		{A4ED93D1-652E-4F26-8BE2-DCAC1D3D6015}.Release|Any CPU.Build.0 = Release|Any CPU
	EndGlobalSection
	GlobalSection(SolutionProperties) = preSolution
		HideSolutionNode = FALSE
	EndGlobalSection
	GlobalSection(ExtensibilityGlobals) = postSolution
		SolutionGuid = {F6C2D594-54EB-47AB-9414-E1B699B0CFFC}
	EndGlobalSection
EndGlobal
